
Microsoft Visual Studio Solution File, Format Version 12.00
# Visual Studio 15
VisualStudioVersion = 15.0.27428.2037
MinimumVisualStudioVersion = 10.0.40219.1
Project("{FAE04EC0-301F-11D3-BF4B-00C04F79EFBC}") = "BabyShop", "BabyShop\BabyShop.csproj", "{9F35C341-469A-4571-B338-10A2CFBEB2A5}"
EndProject
Global
	GlobalSection(SolutionConfigurationPlatforms) = preSolution
		Debug|Any CPU = Debug|Any CPU
		Release|Any CPU = Release|Any CPU
	EndGlobalSection
	GlobalSection(ProjectConfigurationPlatforms) = postSolution
		{9F35C341-469A-4571-B338-10A2CFBEB2A5}.Debug|Any CPU.ActiveCfg = Debug|Any CPU
		{9F35C341-469A-4571-B338-10A2CFBEB2A5}.Debug|Any CPU.Build.0 = Debug|Any CPU
		{9F35C341-469A-4571-B338-10A2CFBEB2A5}.Release|Any CPU.ActiveCfg = Release|Any CPU
		{9F35C341-469A-4571-B338-10A2CFBEB2A5}.Release|Any CPU.Build.0 = Release|Any CPU
	EndGlobalSection
	GlobalSection(SolutionProperties) = preSolution
		HideSolutionNode = FALSE
	EndGlobalSection
	GlobalSection(ExtensibilityGlobals) = postSolution
		SolutionGuid = {1DA7C137-3878-4913-96A0-AA646AAB0E09}
	EndGlobalSection
EndGlobal
